
Microsoft Visual Studio Solution File, Format Version 12.00
# Visual Studio Version 16
VisualStudioVersion = 16.0.31205.134
MinimumVisualStudioVersion = 10.0.40219.1
Project("{FAE04EC0-301F-11D3-BF4B-00C04F79EFBC}") = "FileUpload.Server", "Server\FileUpload.Server.csproj", "{504D509F-E9FB-4189-BEC3-D057EA4B0629}"
EndProject
Project("{FAE04EC0-301F-11D3-BF4B-00C04F79EFBC}") = "FileUpload.Client", "Client\FileUpload.Client.csproj", "{10825F8F-8594-4CDE-A87A-637B1322C850}"
EndProject
Project("{FAE04EC0-301F-11D3-BF4B-00C04F79EFBC}") = "FileUpload.Shared", "Shared\FileUpload.Shared.csproj", "{B2FD0FDB-A378-42E0-AF84-3DCCEB8CA948}"
EndProject
Global
	GlobalSection(SolutionConfigurationPlatforms) = preSolution
		Debug|Any CPU = Debug|Any CPU
		Release|Any CPU = Release|Any CPU
	EndGlobalSection
	GlobalSection(ProjectConfigurationPlatforms) = postSolution
		{504D509F-E9FB-4189-BEC3-D057EA4B0629}.Debug|Any CPU.ActiveCfg = Debug|Any CPU
		{504D509F-E9FB-4189-BEC3-D057EA4B0629}.Debug|Any CPU.Build.0 = Debug|Any CPU
		{504D509F-E9FB-4189-BEC3-D057EA4B0629}.Release|Any CPU.ActiveCfg = Release|Any CPU
		{504D509F-E9FB-4189-BEC3-D057EA4B0629}.Release|Any CPU.Build.0 = Release|Any CPU
		{10825F8F-8594-4CDE-A87A-637B1322C850}.Debug|Any CPU.ActiveCfg = Debug|Any CPU
		{10825F8F-8594-4CDE-A87A-637B1322C850}.Debug|Any CPU.Build.0 = Debug|Any CPU
		{10825F8F-8594-4CDE-A87A-637B1322C850}.Release|Any CPU.ActiveCfg = Release|Any CPU
		{10825F8F-8594-4CDE-A87A-637B1322C850}.Release|Any CPU.Build.0 = Release|Any CPU
		{B2FD0FDB-A378-42E0-AF84-3DCCEB8CA948}.Debug|Any CPU.ActiveCfg = Debug|Any CPU
		{B2FD0FDB-A378-42E0-AF84-3DCCEB8CA948}.Debug|Any CPU.Build.0 = Debug|Any CPU
		{B2FD0FDB-A378-42E0-AF84-3DCCEB8CA948}.Release|Any CPU.ActiveCfg = Release|Any CPU
		{B2FD0FDB-A378-42E0-AF84-3DCCEB8CA948}.Release|Any CPU.Build.0 = Release|Any CPU
	EndGlobalSection
	GlobalSection(SolutionProperties) = preSolution
		HideSolutionNode = FALSE
	EndGlobalSection
	GlobalSection(ExtensibilityGlobals) = postSolution
		SolutionGuid = {E39A6FAB-B2FC-451F-B5FB-CE30F9A9FB9A}
	EndGlobalSection
EndGlobal
