
Microsoft Visual Studio Solution File, Format Version 12.00
# Visual Studio Version 16
VisualStudioVersion = 16.0.31112.23
MinimumVisualStudioVersion = 10.0.40219.1
Project("{FAE04EC0-301F-11D3-BF4B-00C04F79EFBC}") = "Power-Dev.Server", "Power-Dev\Server\Power-Dev.Server.csproj", "{8F7D2493-CB90-4F1C-A73F-BFDD343A4442}"
EndProject
Project("{FAE04EC0-301F-11D3-BF4B-00C04F79EFBC}") = "Power-Dev.Client", "Power-Dev\Client\Power-Dev.Client.csproj", "{29639A09-EB84-41C5-A51B-3D7C46D70D32}"
EndProject
Project("{FAE04EC0-301F-11D3-BF4B-00C04F79EFBC}") = "Power-Dev.Shared", "Power-Dev\Shared\Power-Dev.Shared.csproj", "{7655A807-33D7-41B8-BB4C-35974BF4D752}"
EndProject
Global
	GlobalSection(SolutionConfigurationPlatforms) = preSolution
		Debug|Any CPU = Debug|Any CPU
		Release|Any CPU = Release|Any CPU
	EndGlobalSection
	GlobalSection(ProjectConfigurationPlatforms) = postSolution
		{8F7D2493-CB90-4F1C-A73F-BFDD343A4442}.Debug|Any CPU.ActiveCfg = Debug|Any CPU
		{8F7D2493-CB90-4F1C-A73F-BFDD343A4442}.Debug|Any CPU.Build.0 = Debug|Any CPU
		{8F7D2493-CB90-4F1C-A73F-BFDD343A4442}.Release|Any CPU.ActiveCfg = Release|Any CPU
		{8F7D2493-CB90-4F1C-A73F-BFDD343A4442}.Release|Any CPU.Build.0 = Release|Any CPU
		{29639A09-EB84-41C5-A51B-3D7C46D70D32}.Debug|Any CPU.ActiveCfg = Debug|Any CPU
		{29639A09-EB84-41C5-A51B-3D7C46D70D32}.Debug|Any CPU.Build.0 = Debug|Any CPU
		{29639A09-EB84-41C5-A51B-3D7C46D70D32}.Release|Any CPU.ActiveCfg = Release|Any CPU
		{29639A09-EB84-41C5-A51B-3D7C46D70D32}.Release|Any CPU.Build.0 = Release|Any CPU
		{7655A807-33D7-41B8-BB4C-35974BF4D752}.Debug|Any CPU.ActiveCfg = Debug|Any CPU
		{7655A807-33D7-41B8-BB4C-35974BF4D752}.Debug|Any CPU.Build.0 = Debug|Any CPU
		{7655A807-33D7-41B8-BB4C-35974BF4D752}.Release|Any CPU.ActiveCfg = Release|Any CPU
		{7655A807-33D7-41B8-BB4C-35974BF4D752}.Release|Any CPU.Build.0 = Release|Any CPU
	EndGlobalSection
	GlobalSection(SolutionProperties) = preSolution
		HideSolutionNode = FALSE
	EndGlobalSection
	GlobalSection(ExtensibilityGlobals) = postSolution
		SolutionGuid = {A94EC285-565B-49BE-8CE2-5FB1D97B7EA0}
	EndGlobalSection
EndGlobal
